
Microsoft Visual Studio Solution File, Format Version 12.00
# Visual Studio Version 17
VisualStudioVersion = 17.7.34018.315
MinimumVisualStudioVersion = 10.0.40219.1
Project("{FAE04EC0-301F-11D3-BF4B-00C04F79EFBC}") = "ExamFinalASPNETCOREMVC", "ExamFinalASPNETCOREMVC\ExamFinalASPNETCOREMVC.csproj", "{4CE6471F-9928-407C-A6D4-EB2B857AE87C}"
EndProject
Global
	GlobalSection(SolutionConfigurationPlatforms) = preSolution
		Debug|Any CPU = Debug|Any CPU
		Release|Any CPU = Release|Any CPU
	EndGlobalSection
	GlobalSection(ProjectConfigurationPlatforms) = postSolution
		{4CE6471F-9928-407C-A6D4-EB2B857AE87C}.Debug|Any CPU.ActiveCfg = Debug|Any CPU
		{4CE6471F-9928-407C-A6D4-EB2B857AE87C}.Debug|Any CPU.Build.0 = Debug|Any CPU
		{4CE6471F-9928-407C-A6D4-EB2B857AE87C}.Release|Any CPU.ActiveCfg = Release|Any CPU
		{4CE6471F-9928-407C-A6D4-EB2B857AE87C}.Release|Any CPU.Build.0 = Release|Any CPU
	EndGlobalSection
	GlobalSection(SolutionProperties) = preSolution
		HideSolutionNode = FALSE
	EndGlobalSection
	GlobalSection(ExtensibilityGlobals) = postSolution
		SolutionGuid = {7F9A5D16-B5BE-4394-9ADB-600F06550687}
	EndGlobalSection
EndGlobal
